
Microsoft Visual Studio Solution File, Format Version 12.00
# Visual Studio Version 16
VisualStudioVersion = 16.0.30611.23
MinimumVisualStudioVersion = 10.0.40219.1
Project("{FAE04EC0-301F-11D3-BF4B-00C04F79EFBC}") = "TestMeep", "TestMeep\TestMeep.csproj", "{ABD12509-FB11-4828-81A7-1BD86DCB4371}"
EndProject
Global
	GlobalSection(SolutionConfigurationPlatforms) = preSolution
		Debug|Any CPU = Debug|Any CPU
		Release|Any CPU = Release|Any CPU
	EndGlobalSection
	GlobalSection(ProjectConfigurationPlatforms) = postSolution
		{ABD12509-FB11-4828-81A7-1BD86DCB4371}.Debug|Any CPU.ActiveCfg = Debug|Any CPU
		{ABD12509-FB11-4828-81A7-1BD86DCB4371}.Debug|Any CPU.Build.0 = Debug|Any CPU
		{ABD12509-FB11-4828-81A7-1BD86DCB4371}.Release|Any CPU.ActiveCfg = Release|Any CPU
		{ABD12509-FB11-4828-81A7-1BD86DCB4371}.Release|Any CPU.Build.0 = Release|Any CPU
	EndGlobalSection
	GlobalSection(SolutionProperties) = preSolution
		HideSolutionNode = FALSE
	EndGlobalSection
	GlobalSection(ExtensibilityGlobals) = postSolution
		SolutionGuid = {A7F8B50E-8B6F-4665-8D85-A739C902ECA4}
	EndGlobalSection
EndGlobal
